
Microsoft Visual Studio Solution File, Format Version 11.00
# Visual Web Developer Express 2010
Project("{F184B08F-C81C-45F6-A57F-5ABD9991F28F}") = "ASP", "ASP.vbproj", "{5D55C199-D863-4035-B279-BA9638EC3D5E}"
EndProject
Global
	GlobalSection(SolutionConfigurationPlatforms) = preSolution
		Debug|Any CPU = Debug|Any CPU
		Release|Any CPU = Release|Any CPU
	EndGlobalSection
	GlobalSection(ProjectConfigurationPlatforms) = postSolution
		{5D55C199-D863-4035-B279-BA9638EC3D5E}.Debug|Any CPU.ActiveCfg = Debug|Any CPU
		{5D55C199-D863-4035-B279-BA9638EC3D5E}.Debug|Any CPU.Build.0 = Debug|Any CPU
		{5D55C199-D863-4035-B279-BA9638EC3D5E}.Release|Any CPU.ActiveCfg = Release|Any CPU
		{5D55C199-D863-4035-B279-BA9638EC3D5E}.Release|Any CPU.Build.0 = Release|Any CPU
	EndGlobalSection
	GlobalSection(SolutionProperties) = preSolution
		HideSolutionNode = FALSE
	EndGlobalSection
EndGlobal
